// !$*UTF8*$!
{
	archiveVersion = 1;
	classes = {
	};
	objectVersion = 46;
	objects = {

/* Begin PBXBuildFile section */
		351DDAD11DA3242900B0E8D5 /* MSPageViewController.h in Headers */ = {isa = PBXBuildFile; fileRef = 57EFFA8318B15105002E5577 /* MSPageViewController.h */; settings = {ATTRIBUTES = (Public, ); }; };
		351DDAD21DA3242900B0E8D5 /* MSPageViewController+Protected.h in Headers */ = {isa = PBXBuildFile; fileRef = 57EFFA8718B1515D002E5577 /* MSPageViewController+Protected.h */; settings = {ATTRIBUTES = (Public, ); }; };
		351DDAD31DA3242900B0E8D5 /* MSPageViewControllerPage.h in Headers */ = {isa = PBXBuildFile; fileRef = 57EFFA8818B159B5002E5577 /* MSPageViewControllerPage.h */; settings = {ATTRIBUTES = (Public, ); }; };
		351DDAD41DA3243300B0E8D5 /* MSPageViewController.m in Sources */ = {isa = PBXBuildFile; fileRef = 57EFFA8418B15105002E5577 /* MSPageViewController.m */; };
		351DDAD51DA3243300B0E8D5 /* MSPageViewControllerPage.m in Sources */ = {isa = PBXBuildFile; fileRef = 57EFFA8918B159B5002E5577 /* MSPageViewControllerPage.m */; };
		57EFFA5218B149F7002E5577 /* Foundation.framework in Frameworks */ = {isa = PBXBuildFile; fileRef = 57EFFA5118B149F7002E5577 /* Foundation.framework */; };
		57EFFA5418B149F7002E5577 /* CoreGraphics.framework in Frameworks */ = {isa = PBXBuildFile; fileRef = 57EFFA5318B149F7002E5577 /* CoreGraphics.framework */; };
		57EFFA5618B149F7002E5577 /* UIKit.framework in Frameworks */ = {isa = PBXBuildFile; fileRef = 57EFFA5518B149F7002E5577 /* UIKit.framework */; };
		57EFFA5C18B149F7002E5577 /* InfoPlist.strings in Resources */ = {isa = PBXBuildFile; fileRef = 57EFFA5A18B149F7002E5577 /* InfoPlist.strings */; };
		57EFFA5E18B149F7002E5577 /* main.m in Sources */ = {isa = PBXBuildFile; fileRef = 57EFFA5D18B149F7002E5577 /* main.m */; };
		57EFFA6218B149F7002E5577 /* MSAppDelegate.m in Sources */ = {isa = PBXBuildFile; fileRef = 57EFFA6118B149F7002E5577 /* MSAppDelegate.m */; };
		57EFFA6418B149F7002E5577 /* Images.xcassets in Resources */ = {isa = PBXBuildFile; fileRef = 57EFFA6318B149F7002E5577 /* Images.xcassets */; };
		57EFFA6B18B149F7002E5577 /* XCTest.framework in Frameworks */ = {isa = PBXBuildFile; fileRef = 57EFFA6A18B149F7002E5577 /* XCTest.framework */; };
		57EFFA6C18B149F7002E5577 /* Foundation.framework in Frameworks */ = {isa = PBXBuildFile; fileRef = 57EFFA5118B149F7002E5577 /* Foundation.framework */; };
		57EFFA6D18B149F7002E5577 /* UIKit.framework in Frameworks */ = {isa = PBXBuildFile; fileRef = 57EFFA5518B149F7002E5577 /* UIKit.framework */; };
		57EFFA7518B149F7002E5577 /* InfoPlist.strings in Resources */ = {isa = PBXBuildFile; fileRef = 57EFFA7318B149F7002E5577 /* InfoPlist.strings */; };
		57EFFA7718B149F7002E5577 /* MSPageViewControllerTests.m in Sources */ = {isa = PBXBuildFile; fileRef = 57EFFA7618B149F7002E5577 /* MSPageViewControllerTests.m */; };
		57EFFA8518B15105002E5577 /* MSPageViewController.m in Sources */ = {isa = PBXBuildFile; fileRef = 57EFFA8418B15105002E5577 /* MSPageViewController.m */; };
		57EFFA8A18B159B5002E5577 /* MSPageViewControllerPage.m in Sources */ = {isa = PBXBuildFile; fileRef = 57EFFA8918B159B5002E5577 /* MSPageViewControllerPage.m */; };
		57EFFA8E18B15AC6002E5577 /* MSPageViewControllerExample.m in Sources */ = {isa = PBXBuildFile; fileRef = 57EFFA8D18B15AC6002E5577 /* MSPageViewControllerExample.m */; };
		57EFFA9018B15AD9002E5577 /* MSPageViewControllerExample.storyboard in Resources */ = {isa = PBXBuildFile; fileRef = 57EFFA8F18B15AD9002E5577 /* MSPageViewControllerExample.storyboard */; };
/* End PBXBuildFile section */

/* Begin PBXContainerItemProxy section */
		57EFFA6E18B149F7002E5577 /* PBXContainerItemProxy */ = {
			isa = PBXContainerItemProxy;
			containerPortal = 57EFFA4618B149F7002E5577 /* Project object */;
			proxyType = 1;
			remoteGlobalIDString = 57EFFA4D18B149F7002E5577;
			remoteInfo = MSPageViewController;
		};
/* End PBXContainerItemProxy section */

/* Begin PBXFileReference section */
		351DDAC91DA3234300B0E8D5 /* MSPageViewController.framework */ = {isa = PBXFileReference; explicitFileType = wrapper.framework; includeInIndex = 0; path = MSPageViewController.framework; sourceTree = BUILT_PRODUCTS_DIR; };
		351DDACC1DA3234300B0E8D5 /* Info.plist */ = {isa = PBXFileReference; lastKnownFileType = text.plist.xml; path = Info.plist; sourceTree = "<group>"; };
		57EFFA4E18B149F7002E5577 /* MSPageViewControllerSampleApp.app */ = {isa = PBXFileReference; explicitFileType = wrapper.application; includeInIndex = 0; path = MSPageViewControllerSampleApp.app; sourceTree = BUILT_PRODUCTS_DIR; };
		57EFFA5118B149F7002E5577 /* Foundation.framework */ = {isa = PBXFileReference; lastKnownFileType = wrapper.framework; name = Foundation.framework; path = System/Library/Frameworks/Foundation.framework; sourceTree = SDKROOT; };
		57EFFA5318B149F7002E5577 /* CoreGraphics.framework */ = {isa = PBXFileReference; lastKnownFileType = wrapper.framework; name = CoreGraphics.framework; path = System/Library/Frameworks/CoreGraphics.framework; sourceTree = SDKROOT; };
		57EFFA5518B149F7002E5577 /* UIKit.framework */ = {isa = PBXFileReference; lastKnownFileType = wrapper.framework; name = UIKit.framework; path = System/Library/Frameworks/UIKit.framework; sourceTree = SDKROOT; };
		57EFFA5918B149F7002E5577 /* MSPageViewController-Info.plist */ = {isa = PBXFileReference; lastKnownFileType = text.plist.xml; path = "MSPageViewController-Info.plist"; sourceTree = "<group>"; };
		57EFFA5B18B149F7002E5577 /* en */ = {isa = PBXFileReference; lastKnownFileType = text.plist.strings; name = en; path = en.lproj/InfoPlist.strings; sourceTree = "<group>"; };
		57EFFA5D18B149F7002E5577 /* main.m */ = {isa = PBXFileReference; lastKnownFileType = sourcecode.c.objc; path = main.m; sourceTree = "<group>"; };
		57EFFA5F18B149F7002E5577 /* MSPageViewController-Prefix.pch */ = {isa = PBXFileReference; lastKnownFileType = sourcecode.c.h; path = "MSPageViewController-Prefix.pch"; sourceTree = "<group>"; };
		57EFFA6018B149F7002E5577 /* MSAppDelegate.h */ = {isa = PBXFileReference; lastKnownFileType = sourcecode.c.h; path = MSAppDelegate.h; sourceTree = "<group>"; };
		57EFFA6118B149F7002E5577 /* MSAppDelegate.m */ = {isa = PBXFileReference; lastKnownFileType = sourcecode.c.objc; path = MSAppDelegate.m; sourceTree = "<group>"; };
		57EFFA6318B149F7002E5577 /* Images.xcassets */ = {isa = PBXFileReference; lastKnownFileType = folder.assetcatalog; path = Images.xcassets; sourceTree = "<group>"; };
		57EFFA6918B149F7002E5577 /* MSPageViewControllerTests.xctest */ = {isa = PBXFileReference; explicitFileType = wrapper.cfbundle; includeInIndex = 0; path = MSPageViewControllerTests.xctest; sourceTree = BUILT_PRODUCTS_DIR; };
		57EFFA6A18B149F7002E5577 /* XCTest.framework */ = {isa = PBXFileReference; lastKnownFileType = wrapper.framework; name = XCTest.framework; path = Library/Frameworks/XCTest.framework; sourceTree = DEVELOPER_DIR; };
		57EFFA7218B149F7002E5577 /* MSPageViewControllerTests-Info.plist */ = {isa = PBXFileReference; lastKnownFileType = text.plist.xml; path = "MSPageViewControllerTests-Info.plist"; sourceTree = "<group>"; };
		57EFFA7418B149F7002E5577 /* en */ = {isa = PBXFileReference; lastKnownFileType = text.plist.strings; name = en; path = en.lproj/InfoPlist.strings; sourceTree = "<group>"; };
		57EFFA7618B149F7002E5577 /* MSPageViewControllerTests.m */ = {isa = PBXFileReference; lastKnownFileType = sourcecode.c.objc; path = MSPageViewControllerTests.m; sourceTree = "<group>"; };
		57EFFA8318B15105002E5577 /* MSPageViewController.h */ = {isa = PBXFileReference; fileEncoding = 4; lastKnownFileType = sourcecode.c.h; name = MSPageViewController.h; path = Source/MSPageViewController.h; sourceTree = "<group>"; };
		57EFFA8418B15105002E5577 /* MSPageViewController.m */ = {isa = PBXFileReference; fileEncoding = 4; lastKnownFileType = sourcecode.c.objc; name = MSPageViewController.m; path = Source/MSPageViewController.m; sourceTree = "<group>"; };
		57EFFA8718B1515D002E5577 /* MSPageViewController+Protected.h */ = {isa = PBXFileReference; lastKnownFileType = sourcecode.c.h; name = "MSPageViewController+Protected.h"; path = "Source/MSPageViewController+Protected.h"; sourceTree = "<group>"; };
		57EFFA8818B159B5002E5577 /* MSPageViewControllerPage.h */ = {isa = PBXFileReference; fileEncoding = 4; lastKnownFileType = sourcecode.c.h; name = MSPageViewControllerPage.h; path = Source/MSPageViewControllerPage.h; sourceTree = "<group>"; };
		57EFFA8918B159B5002E5577 /* MSPageViewControllerPage.m */ = {isa = PBXFileReference; fileEncoding = 4; lastKnownFileType = sourcecode.c.objc; name = MSPageViewControllerPage.m; path = Source/MSPageViewControllerPage.m; sourceTree = "<group>"; };
		57EFFA8C18B15AC6002E5577 /* MSPageViewControllerExample.h */ = {isa = PBXFileReference; fileEncoding = 4; lastKnownFileType = sourcecode.c.h; name = MSPageViewControllerExample.h; path = Example/MSPageViewControllerExample.h; sourceTree = "<group>"; };
		57EFFA8D18B15AC6002E5577 /* MSPageViewControllerExample.m */ = {isa = PBXFileReference; fileEncoding = 4; lastKnownFileType = sourcecode.c.objc; name = MSPageViewControllerExample.m; path = Example/MSPageViewControllerExample.m; sourceTree = "<group>"; };
		57EFFA8F18B15AD9002E5577 /* MSPageViewControllerExample.storyboard */ = {isa = PBXFileReference; fileEncoding = 4; lastKnownFileType = file.storyboard; name = MSPageViewControllerExample.storyboard; path = Example/MSPageViewControllerExample.storyboard; sourceTree = "<group>"; };
/* End PBXFileReference section */

/* Begin PBXFrameworksBuildPhase section */
		351DDAC51DA3234300B0E8D5 /* Frameworks */ = {
			isa = PBXFrameworksBuildPhase;
			buildActionMask = 2147483647;
			files = (
			);
			runOnlyForDeploymentPostprocessing = 0;
		};
		57EFFA4B18B149F7002E5577 /* Frameworks */ = {
			isa = PBXFrameworksBuildPhase;
			buildActionMask = 2147483647;
			files = (
				57EFFA5418B149F7002E5577 /* CoreGraphics.framework in Frameworks */,
				57EFFA5618B149F7002E5577 /* UIKit.framework in Frameworks */,
				57EFFA5218B149F7002E5577 /* Foundation.framework in Frameworks */,
			);
			runOnlyForDeploymentPostprocessing = 0;
		};
		57EFFA6618B149F7002E5577 /* Frameworks */ = {
			isa = PBXFrameworksBuildPhase;
			buildActionMask = 2147483647;
			files = (
				57EFFA6B18B149F7002E5577 /* XCTest.framework in Frameworks */,
				57EFFA6D18B149F7002E5577 /* UIKit.framework in Frameworks */,
				57EFFA6C18B149F7002E5577 /* Foundation.framework in Frameworks */,
			);
			runOnlyForDeploymentPostprocessing = 0;
		};
/* End PBXFrameworksBuildPhase section */

/* Begin PBXGroup section */
		351DDACA1DA3234300B0E8D5 /* MSPageViewController */ = {
			isa = PBXGroup;
			children = (
				351DDACC1DA3234300B0E8D5 /* Info.plist */,
			);
			path = MSPageViewController;
			sourceTree = "<group>";
		};
		57EFFA4518B149F7002E5577 = {
			isa = PBXGroup;
			children = (
				57EFFA5718B149F7002E5577 /* MSPageViewControllerSampleApp */,
				57EFFA7018B149F7002E5577 /* MSPageViewControllerTests */,
				351DDACA1DA3234300B0E8D5 /* MSPageViewController */,
				57EFFA5018B149F7002E5577 /* Frameworks */,
				57EFFA4F18B149F7002E5577 /* Products */,
			);
			sourceTree = "<group>";
		};
		57EFFA4F18B149F7002E5577 /* Products */ = {
			isa = PBXGroup;
			children = (
				57EFFA4E18B149F7002E5577 /* MSPageViewControllerSampleApp.app */,
				57EFFA6918B149F7002E5577 /* MSPageViewControllerTests.xctest */,
				351DDAC91DA3234300B0E8D5 /* MSPageViewController.framework */,
			);
			name = Products;
			sourceTree = "<group>";
		};
		57EFFA5018B149F7002E5577 /* Frameworks */ = {
			isa = PBXGroup;
			children = (
				57EFFA5118B149F7002E5577 /* Foundation.framework */,
				57EFFA5318B149F7002E5577 /* CoreGraphics.framework */,
				57EFFA5518B149F7002E5577 /* UIKit.framework */,
				57EFFA6A18B149F7002E5577 /* XCTest.framework */,
			);
			name = Frameworks;
			sourceTree = "<group>";
		};
		57EFFA5718B149F7002E5577 /* MSPageViewControllerSampleApp */ = {
			isa = PBXGroup;
			children = (
				57EFFA8618B1512C002E5577 /* Source */,
				57EFFA8B18B15AA4002E5577 /* Example */,
				57EFFA6018B149F7002E5577 /* MSAppDelegate.h */,
				57EFFA6118B149F7002E5577 /* MSAppDelegate.m */,
				57EFFA6318B149F7002E5577 /* Images.xcassets */,
				57EFFA5818B149F7002E5577 /* Supporting Files */,
			);
			name = MSPageViewControllerSampleApp;
			path = MSPageViewController;
			sourceTree = "<group>";
		};
		57EFFA5818B149F7002E5577 /* Supporting Files */ = {
			isa = PBXGroup;
			children = (
				57EFFA5918B149F7002E5577 /* MSPageViewController-Info.plist */,
				57EFFA5A18B149F7002E5577 /* InfoPlist.strings */,
				57EFFA5D18B149F7002E5577 /* main.m */,
				57EFFA5F18B149F7002E5577 /* MSPageViewController-Prefix.pch */,
			);
			name = "Supporting Files";
			sourceTree = "<group>";
		};
		57EFFA7018B149F7002E5577 /* MSPageViewControllerTests */ = {
			isa = PBXGroup;
			children = (
				57EFFA7618B149F7002E5577 /* MSPageViewControllerTests.m */,
				57EFFA7118B149F7002E5577 /* Supporting Files */,
			);
			path = MSPageViewControllerTests;
			sourceTree = "<group>";
		};
		57EFFA7118B149F7002E5577 /* Supporting Files */ = {
			isa = PBXGroup;
			children = (
				57EFFA7218B149F7002E5577 /* MSPageViewControllerTests-Info.plist */,
				57EFFA7318B149F7002E5577 /* InfoPlist.strings */,
			);
			name = "Supporting Files";
			sourceTree = "<group>";
		};
		57EFFA8618B1512C002E5577 /* Source */ = {
			isa = PBXGroup;
			children = (
				57EFFA8318B15105002E5577 /* MSPageViewController.h */,
				57EFFA8718B1515D002E5577 /* MSPageViewController+Protected.h */,
				57EFFA8418B15105002E5577 /* MSPageViewController.m */,
				57EFFA8818B159B5002E5577 /* MSPageViewControllerPage.h */,
				57EFFA8918B159B5002E5577 /* MSPageViewControllerPage.m */,
			);
			name = Source;
			sourceTree = "<group>";
		};
		57EFFA8B18B15AA4002E5577 /* Example */ = {
			isa = PBXGroup;
			children = (
				57EFFA8C18B15AC6002E5577 /* MSPageViewControllerExample.h */,
				57EFFA8D18B15AC6002E5577 /* MSPageViewControllerExample.m */,
				57EFFA8F18B15AD9002E5577 /* MSPageViewControllerExample.storyboard */,
			);
			name = Example;
			sourceTree = "<group>";
		};
/* End PBXGroup section */

/* Begin PBXHeadersBuildPhase section */
		351DDAC61DA3234300B0E8D5 /* Headers */ = {
			isa = PBXHeadersBuildPhase;
			buildActionMask = 2147483647;
			files = (
				351DDAD11DA3242900B0E8D5 /* MSPageViewController.h in Headers */,
				351DDAD21DA3242900B0E8D5 /* MSPageViewController+Protected.h in Headers */,
				351DDAD31DA3242900B0E8D5 /* MSPageViewControllerPage.h in Headers */,
			);
			runOnlyForDeploymentPostprocessing = 0;
		};
/* End PBXHeadersBuildPhase section */

/* Begin PBXNativeTarget section */
		351DDAC81DA3234300B0E8D5 /* MSPageViewController */ = {
			isa = PBXNativeTarget;
			buildConfigurationList = 351DDACE1DA3234300B0E8D5 /* Build configuration list for PBXNativeTarget "MSPageViewController" */;
			buildPhases = (
				351DDAC41DA3234300B0E8D5 /* Sources */,
				351DDAC51DA3234300B0E8D5 /* Frameworks */,
				351DDAC61DA3234300B0E8D5 /* Headers */,
				351DDAC71DA3234300B0E8D5 /* Resources */,
			);
			buildRules = (
			);
			dependencies = (
			);
			name = MSPageViewController;
			productName = MSPageViewController;
			productReference = 351DDAC91DA3234300B0E8D5 /* MSPageViewController.framework */;
			productType = "com.apple.product-type.framework";
		};
		57EFFA4D18B149F7002E5577 /* MSPageViewControllerSampleApp */ = {
			isa = PBXNativeTarget;
			buildConfigurationList = 57EFFA7A18B149F8002E5577 /* Build configuration list for PBXNativeTarget "MSPageViewControllerSampleApp" */;
			buildPhases = (
				57EFFA4A18B149F7002E5577 /* Sources */,
				57EFFA4B18B149F7002E5577 /* Frameworks */,
				57EFFA4C18B149F7002E5577 /* Resources */,
			);
			buildRules = (
			);
			dependencies = (
			);
			name = MSPageViewControllerSampleApp;
			productName = MSPageViewController;
			productReference = 57EFFA4E18B149F7002E5577 /* MSPageViewControllerSampleApp.app */;
			productType = "com.apple.product-type.application";
		};
		57EFFA6818B149F7002E5577 /* MSPageViewControllerTests */ = {
			isa = PBXNativeTarget;
			buildConfigurationList = 57EFFA7D18B149F8002E5577 /* Build configuration list for PBXNativeTarget "MSPageViewControllerTests" */;
			buildPhases = (
				57EFFA6518B149F7002E5577 /* Sources */,
				57EFFA6618B149F7002E5577 /* Frameworks */,
				57EFFA6718B149F7002E5577 /* Resources */,
			);
			buildRules = (
			);
			dependencies = (
				57EFFA6F18B149F7002E5577 /* PBXTargetDependency */,
			);
			name = MSPageViewControllerTests;
			productName = MSPageViewControllerTests;
			productReference = 57EFFA6918B149F7002E5577 /* MSPageViewControllerTests.xctest */;
			productType = "com.apple.product-type.bundle.unit-test";
		};
/* End PBXNativeTarget section */

/* Begin PBXProject section */
		57EFFA4618B149F7002E5577 /* Project object */ = {
			isa = PBXProject;
			attributes = {
				CLASSPREFIX = MS;
				LastUpgradeCheck = 0510;
				ORGANIZATIONNAME = MindSnacks;
				TargetAttributes = {
					351DDAC81DA3234300B0E8D5 = {
						CreatedOnToolsVersion = 8.0;
						ProvisioningStyle = Automatic;
					};
					57EFFA6818B149F7002E5577 = {
						TestTargetID = 57EFFA4D18B149F7002E5577;
					};
				};
			};
			buildConfigurationList = 57EFFA4918B149F7002E5577 /* Build configuration list for PBXProject "MSPageViewController" */;
			compatibilityVersion = "Xcode 3.2";
			developmentRegion = English;
			hasScannedForEncodings = 0;
			knownRegions = (
				en,
			);
			mainGroup = 57EFFA4518B149F7002E5577;
			productRefGroup = 57EFFA4F18B149F7002E5577 /* Products */;
			projectDirPath = "";
			projectRoot = "";
			targets = (
				57EFFA4D18B149F7002E5577 /* MSPageViewControllerSampleApp */,
				57EFFA6818B149F7002E5577 /* MSPageViewControllerTests */,
				351DDAC81DA3234300B0E8D5 /* MSPageViewController */,
			);
		};
/* End PBXProject section */

/* Begin PBXResourcesBuildPhase section */
		351DDAC71DA3234300B0E8D5 /* Resources */ = {
			isa = PBXResourcesBuildPhase;
			buildActionMask = 2147483647;
			files = (
			);
			runOnlyForDeploymentPostprocessing = 0;
		};
		57EFFA4C18B149F7002E5577 /* Resources */ = {
			isa = PBXResourcesBuildPhase;
			buildActionMask = 2147483647;
			files = (
				57EFFA9018B15AD9002E5577 /* MSPageViewControllerExample.storyboard in Resources */,
				57EFFA5C18B149F7002E5577 /* InfoPlist.strings in Resources */,
				57EFFA6418B149F7002E5577 /* Images.xcassets in Resources */,
			);
			runOnlyForDeploymentPostprocessing = 0;
		};
		57EFFA6718B149F7002E5577 /* Resources */ = {
			isa = PBXResourcesBuildPhase;
			buildActionMask = 2147483647;
			files = (
				57EFFA7518B149F7002E5577 /* InfoPlist.strings in Resources */,
			);
			runOnlyForDeploymentPostprocessing = 0;
		};
/* End PBXResourcesBuildPhase section */

/* Begin PBXSourcesBuildPhase section */
		351DDAC41DA3234300B0E8D5 /* Sources */ = {
			isa = PBXSourcesBuildPhase;
			buildActionMask = 2147483647;
			files = (
				351DDAD41DA3243300B0E8D5 /* MSPageViewController.m in Sources */,
				351DDAD51DA3243300B0E8D5 /* MSPageViewControllerPage.m in Sources */,
			);
			runOnlyForDeploymentPostprocessing = 0;
		};
		57EFFA4A18B149F7002E5577 /* Sources */ = {
			isa = PBXSourcesBuildPhase;
			buildActionMask = 2147483647;
			files = (
				57EFFA8E18B15AC6002E5577 /* MSPageViewControllerExample.m in Sources */,
				57EFFA6218B149F7002E5577 /* MSAppDelegate.m in Sources */,
				57EFFA8518B15105002E5577 /* MSPageViewController.m in Sources */,
				57EFFA8A18B159B5002E5577 /* MSPageViewControllerPage.m in Sources */,
				57EFFA5E18B149F7002E5577 /* main.m in Sources */,
			);
			runOnlyForDeploymentPostprocessing = 0;
		};
		57EFFA6518B149F7002E5577 /* Sources */ = {
			isa = PBXSourcesBuildPhase;
			buildActionMask = 2147483647;
			files = (
				57EFFA7718B149F7002E5577 /* MSPageViewControllerTests.m in Sources */,
			);
			runOnlyForDeploymentPostprocessing = 0;
		};
/* End PBXSourcesBuildPhase section */

/* Begin PBXTargetDependency section */
		57EFFA6F18B149F7002E5577 /* PBXTargetDependency */ = {
			isa = PBXTargetDependency;
			target = 57EFFA4D18B149F7002E5577 /* MSPageViewControllerSampleApp */;
			targetProxy = 57EFFA6E18B149F7002E5577 /* PBXContainerItemProxy */;
		};
/* End PBXTargetDependency section */

/* Begin PBXVariantGroup section */
		57EFFA5A18B149F7002E5577 /* InfoPlist.strings */ = {
			isa = PBXVariantGroup;
			children = (
				57EFFA5B18B149F7002E5577 /* en */,
			);
			name = InfoPlist.strings;
			sourceTree = "<group>";
		};
		57EFFA7318B149F7002E5577 /* InfoPlist.strings */ = {
			isa = PBXVariantGroup;
			children = (
				57EFFA7418B149F7002E5577 /* en */,
			);
			name = InfoPlist.strings;
			sourceTree = "<group>";
		};
/* End PBXVariantGroup section */

/* Begin XCBuildConfiguration section */
		351DDACF1DA3234300B0E8D5 /* Debug */ = {
			isa = XCBuildConfiguration;
			buildSettings = {
				CLANG_ANALYZER_NONNULL = YES;
				CLANG_WARN_DOCUMENTATION_COMMENTS = YES;
				CLANG_WARN_INFINITE_RECURSION = YES;
				CLANG_WARN_SUSPICIOUS_MOVES = YES;
				CLANG_WARN_UNREACHABLE_CODE = YES;
				CODE_SIGN_IDENTITY = "";
				CURRENT_PROJECT_VERSION = 1;
				DEBUG_INFORMATION_FORMAT = dwarf;
				DEFINES_MODULE = YES;
				DYLIB_COMPATIBILITY_VERSION = 1;
				DYLIB_CURRENT_VERSION = 1;
				DYLIB_INSTALL_NAME_BASE = "@rpath";
				ENABLE_STRICT_OBJC_MSGSEND = YES;
				ENABLE_TESTABILITY = YES;
				GCC_NO_COMMON_BLOCKS = YES;
				GCC_WARN_UNINITIALIZED_AUTOS = YES_AGGRESSIVE;
				INFOPLIST_FILE = MSPageViewController/Info.plist;
				INSTALL_PATH = "$(LOCAL_LIBRARY_DIR)/Frameworks";
				IPHONEOS_DEPLOYMENT_TARGET = 10.0;
				LD_RUNPATH_SEARCH_PATHS = "$(inherited) @executable_path/Frameworks @loader_path/Frameworks";
				MTL_ENABLE_DEBUG_INFO = YES;
				PRODUCT_BUNDLE_IDENTIFIER = com.mindsnacks.MSPageViewController;
				PRODUCT_NAME = "$(TARGET_NAME)";
				SKIP_INSTALL = YES;
				TARGETED_DEVICE_FAMILY = "1,2";
				VERSIONING_SYSTEM = "apple-generic";
				VERSION_INFO_PREFIX = "";
			};
			name = Debug;
		};
		351DDAD01DA3234300B0E8D5 /* Release */ = {
			isa = XCBuildConfiguration;
			buildSettings = {
				CLANG_ANALYZER_NONNULL = YES;
				CLANG_WARN_DOCUMENTATION_COMMENTS = YES;
				CLANG_WARN_INFINITE_RECURSION = YES;
				CLANG_WARN_SUSPICIOUS_MOVES = YES;
				CLANG_WARN_UNREACHABLE_CODE = YES;
				CODE_SIGN_IDENTITY = "";
				COPY_PHASE_STRIP = NO;
				CURRENT_PROJECT_VERSION = 1;
				DEBUG_INFORMATION_FORMAT = "dwarf-with-dsym";
				DEFINES_MODULE = YES;
				DYLIB_COMPATIBILITY_VERSION = 1;
				DYLIB_CURRENT_VERSION = 1;
				DYLIB_INSTALL_NAME_BASE = "@rpath";
				ENABLE_STRICT_OBJC_MSGSEND = YES;
				GCC_NO_COMMON_BLOCKS = YES;
				GCC_WARN_UNINITIALIZED_AUTOS = YES_AGGRESSIVE;
				INFOPLIST_FILE = MSPageViewController/Info.plist;
				INSTALL_PATH = "$(LOCAL_LIBRARY_DIR)/Frameworks";
				IPHONEOS_DEPLOYMENT_TARGET = 10.0;
				LD_RUNPATH_SEARCH_PATHS = "$(inherited) @executable_path/Frameworks @loader_path/Frameworks";
				MTL_ENABLE_DEBUG_INFO = NO;
				PRODUCT_BUNDLE_IDENTIFIER = com.mindsnacks.MSPageViewController;
				PRODUCT_NAME = "$(TARGET_NAME)";
				SKIP_INSTALL = YES;
				TARGETED_DEVICE_FAMILY = "1,2";
				VERSIONING_SYSTEM = "apple-generic";
				VERSION_INFO_PREFIX = "";
			};
			name = Release;
		};
		57EFFA7818B149F7002E5577 /* Debug */ = {
			isa = XCBuildConfiguration;
			buildSettings = {
				ALWAYS_SEARCH_USER_PATHS = NO;
				ARCHS = "$(ARCHS_STANDARD_INCLUDING_64_BIT)";
				CLANG_CXX_LANGUAGE_STANDARD = "gnu++0x";
				CLANG_CXX_LIBRARY = "libc++";
				CLANG_ENABLE_MODULES = YES;
				CLANG_ENABLE_OBJC_ARC = YES;
				CLANG_WARN_BOOL_CONVERSION = YES;
				CLANG_WARN_CONSTANT_CONVERSION = YES;
				CLANG_WARN_DIRECT_OBJC_ISA_USAGE = YES_ERROR;
				CLANG_WARN_EMPTY_BODY = YES;
				CLANG_WARN_ENUM_CONVERSION = YES;
				CLANG_WARN_INT_CONVERSION = YES;
				CLANG_WARN_OBJC_ROOT_CLASS = YES_ERROR;
				CLANG_WARN__DUPLICATE_METHOD_MATCH = YES;
				"CODE_SIGN_IDENTITY[sdk=iphoneos*]" = "iPhone Developer";
				COPY_PHASE_STRIP = NO;
				GCC_C_LANGUAGE_STANDARD = gnu99;
				GCC_DYNAMIC_NO_PIC = NO;
				GCC_OPTIMIZATION_LEVEL = 0;
				GCC_PREPROCESSOR_DEFINITIONS = (
					"DEBUG=1",
					"$(inherited)",
				);
				GCC_SYMBOLS_PRIVATE_EXTERN = NO;
				GCC_WARN_64_TO_32_BIT_CONVERSION = YES;
				GCC_WARN_ABOUT_RETURN_TYPE = YES_ERROR;
				GCC_WARN_UNDECLARED_SELECTOR = YES;
				GCC_WARN_UNINITIALIZED_AUTOS = YES;
				GCC_WARN_UNUSED_FUNCTION = YES;
				GCC_WARN_UNUSED_VARIABLE = YES;
				IPHONEOS_DEPLOYMENT_TARGET = 7.0;
				ONLY_ACTIVE_ARCH = YES;
				SDKROOT = iphoneos;
			};
			name = Debug;
		};
		57EFFA7918B149F7002E5577 /* Release */ = {
			isa = XCBuildConfiguration;
			buildSettings = {
				ALWAYS_SEARCH_USER_PATHS = NO;
				ARCHS = "$(ARCHS_STANDARD_INCLUDING_64_BIT)";
				CLANG_CXX_LANGUAGE_STANDARD = "gnu++0x";
				CLANG_CXX_LIBRARY = "libc++";
				CLANG_ENABLE_MODULES = YES;
				CLANG_ENABLE_OBJC_ARC = YES;
				CLANG_WARN_BOOL_CONVERSION = YES;
				CLANG_WARN_CONSTANT_CONVERSION = YES;
				CLANG_WARN_DIRECT_OBJC_ISA_USAGE = YES_ERROR;
				CLANG_WARN_EMPTY_BODY = YES;
				CLANG_WARN_ENUM_CONVERSION = YES;
				CLANG_WARN_INT_CONVERSION = YES;
				CLANG_WARN_OBJC_ROOT_CLASS = YES_ERROR;
				CLANG_WARN__DUPLICATE_METHOD_MATCH = YES;
				"CODE_SIGN_IDENTITY[sdk=iphoneos*]" = "iPhone Developer";
				COPY_PHASE_STRIP = YES;
				ENABLE_NS_ASSERTIONS = NO;
				GCC_C_LANGUAGE_STANDARD = gnu99;
				GCC_WARN_64_TO_32_BIT_CONVERSION = YES;
				GCC_WARN_ABOUT_RETURN_TYPE = YES_ERROR;
				GCC_WARN_UNDECLARED_SELECTOR = YES;
				GCC_WARN_UNINITIALIZED_AUTOS = YES;
				GCC_WARN_UNUSED_FUNCTION = YES;
				GCC_WARN_UNUSED_VARIABLE = YES;
				IPHONEOS_DEPLOYMENT_TARGET = 7.0;
				SDKROOT = iphoneos;
				VALIDATE_PRODUCT = YES;
			};
			name = Release;
		};
		57EFFA7B18B149F8002E5577 /* Debug */ = {
			isa = XCBuildConfiguration;
			buildSettings = {
				ASSETCATALOG_COMPILER_APPICON_NAME = AppIcon;
				ASSETCATALOG_COMPILER_LAUNCHIMAGE_NAME = LaunchImage;
				GCC_PRECOMPILE_PREFIX_HEADER = YES;
				GCC_PREFIX_HEADER = "MSPageViewController/MSPageViewController-Prefix.pch";
				INFOPLIST_FILE = "MSPageViewController/MSPageViewController-Info.plist";
				PRODUCT_NAME = "$(TARGET_NAME)";
				WRAPPER_EXTENSION = app;
			};
			name = Debug;
		};
		57EFFA7C18B149F8002E5577 /* Release */ = {
			isa = XCBuildConfiguration;
			buildSettings = {
				ASSETCATALOG_COMPILER_APPICON_NAME = AppIcon;
				ASSETCATALOG_COMPILER_LAUNCHIMAGE_NAME = LaunchImage;
				GCC_PRECOMPILE_PREFIX_HEADER = YES;
				GCC_PREFIX_HEADER = "MSPageViewController/MSPageViewController-Prefix.pch";
				INFOPLIST_FILE = "MSPageViewController/MSPageViewController-Info.plist";
				PRODUCT_NAME = "$(TARGET_NAME)";
				WRAPPER_EXTENSION = app;
			};
			name = Release;
		};
		57EFFA7E18B149F8002E5577 /* Debug */ = {
			isa = XCBuildConfiguration;
			buildSettings = {
				ARCHS = "$(ARCHS_STANDARD_INCLUDING_64_BIT)";
				BUNDLE_LOADER = "$(BUILT_PRODUCTS_DIR)/MSPageViewController.app/MSPageViewController";
				FRAMEWORK_SEARCH_PATHS = (
					"$(SDKROOT)/Developer/Library/Frameworks",
					"$(inherited)",
					"$(DEVELOPER_FRAMEWORKS_DIR)",
				);
				GCC_PRECOMPILE_PREFIX_HEADER = YES;
				GCC_PREFIX_HEADER = "MSPageViewController/MSPageViewController-Prefix.pch";
				GCC_PREPROCESSOR_DEFINITIONS = (
					"DEBUG=1",
					"$(inherited)",
				);
				INFOPLIST_FILE = "MSPageViewControllerTests/MSPageViewControllerTests-Info.plist";
				PRODUCT_NAME = "$(TARGET_NAME)";
				TEST_HOST = "$(BUNDLE_LOADER)";
				WRAPPER_EXTENSION = xctest;
			};
			name = Debug;
		};
		57EFFA7F18B149F8002E5577 /* Release */ = {
			isa = XCBuildConfiguration;
			buildSettings = {
				ARCHS = "$(ARCHS_STANDARD_INCLUDING_64_BIT)";
				BUNDLE_LOADER = "$(BUILT_PRODUCTS_DIR)/MSPageViewController.app/MSPageViewController";
				FRAMEWORK_SEARCH_PATHS = (
					"$(SDKROOT)/Developer/Library/Frameworks",
					"$(inherited)",
					"$(DEVELOPER_FRAMEWORKS_DIR)",
				);
				GCC_PRECOMPILE_PREFIX_HEADER = YES;
				GCC_PREFIX_HEADER = "MSPageViewController/MSPageViewController-Prefix.pch";
				INFOPLIST_FILE = "MSPageViewControllerTests/MSPageViewControllerTests-Info.plist";
				PRODUCT_NAME = "$(TARGET_NAME)";
				TEST_HOST = "$(BUNDLE_LOADER)";
				WRAPPER_EXTENSION = xctest;
			};
			name = Release;
		};
/* End XCBuildConfiguration section */

/* Begin XCConfigurationList section */
		351DDACE1DA3234300B0E8D5 /* Build configuration list for PBXNativeTarget "MSPageViewController" */ = {
			isa = XCConfigurationList;
			buildConfigurations = (
				351DDACF1DA3234300B0E8D5 /* Debug */,
				351DDAD01DA3234300B0E8D5 /* Release */,
			);
			defaultConfigurationIsVisible = 0;
		};
		57EFFA4918B149F7002E5577 /* Build configuration list for PBXProject "MSPageViewController" */ = {
			isa = XCConfigurationList;
			buildConfigurations = (
				57EFFA7818B149F7002E5577 /* Debug */,
				57EFFA7918B149F7002E5577 /* Release */,
			);
			defaultConfigurationIsVisible = 0;
			defaultConfigurationName = Release;
		};
		57EFFA7A18B149F8002E5577 /* Build configuration list for PBXNativeTarget "MSPageViewControllerSampleApp" */ = {
			isa = XCConfigurationList;
			buildConfigurations = (
				57EFFA7B18B149F8002E5577 /* Debug */,
				57EFFA7C18B149F8002E5577 /* Release */,
			);
			defaultConfigurationIsVisible = 0;
			defaultConfigurationName = Release;
		};
		57EFFA7D18B149F8002E5577 /* Build configuration list for PBXNativeTarget "MSPageViewControllerTests" */ = {
			isa = XCConfigurationList;
			buildConfigurations = (
				57EFFA7E18B149F8002E5577 /* Debug */,
				57EFFA7F18B149F8002E5577 /* Release */,
			);
			defaultConfigurationIsVisible = 0;
			defaultConfigurationName = Release;
		};
/* End XCConfigurationList section */
	};
	rootObject = 57EFFA4618B149F7002E5577 /* Project object */;
}
